
Microsoft Visual Studio Solution File, Format Version 12.00
# Visual Studio 15
Project("{FAE04EC0-301F-11D3-BF4B-00C04F79EFBC}") = "0_statement", "0_statement\0_statement.csproj", "{B461F79F-79CC-4FDC-9D9B-19D5581928AB}"
EndProject
Project("{FAE04EC0-301F-11D3-BF4B-00C04F79EFBC}") = "1_variable", "1_variable\1_variable.csproj", "{B7FF0358-CA89-4D56-B28C-0E89763474EA}"
EndProject
Project("{FAE04EC0-301F-11D3-BF4B-00C04F79EFBC}") = "2_operator", "3_operator\2_operator.csproj", "{E78859F0-62F2-4467-B550-50C0452130F6}"
EndProject
Project("{FAE04EC0-301F-11D3-BF4B-00C04F79EFBC}") = "Ex1", "Ex1\Ex1.csproj", "{7C842FDA-8D40-4312-89F4-83BD54628190}"
EndProject
Project("{FAE04EC0-301F-11D3-BF4B-00C04F79EFBC}") = "3_Conditional", "3_Conditional\3_Conditional.csproj", "{19295CF5-798A-435D-B9FB-DA86E3960EC1}"
EndProject
Project("{FAE04EC0-301F-11D3-BF4B-00C04F79EFBC}") = "Ex1_with_condition", "Ex1_with_condition\Ex1_with_condition.csproj", "{84A29E6B-32B0-4C31-8ED4-4A6D6A16E4A2}"
EndProject
Project("{FAE04EC0-301F-11D3-BF4B-00C04F79EFBC}") = "4_iteration", "4_iteration\4_iteration.csproj", "{356C848A-0FE8-4797-8D3B-A65F1D7D7B31}"
EndProject
Project("{FAE04EC0-301F-11D3-BF4B-00C04F79EFBC}") = "Ex2_iteration", "Ex2_iteration\Ex2_iteration.csproj", "{3C5DE68B-61A7-47C7-9485-A111F042A00F}"
EndProject
Project("{FAE04EC0-301F-11D3-BF4B-00C04F79EFBC}") = "5_Array", "5_Array\5_Array.csproj", "{60342FC7-A4DE-4088-B34A-06D83BAD2682}"
EndProject
Project("{FAE04EC0-301F-11D3-BF4B-00C04F79EFBC}") = "Ex3_array", "Ex3_array\Ex3_array.csproj", "{00E0263F-FD69-4662-8FFF-EAD857DFD480}"
EndProject
Global
	GlobalSection(SolutionConfigurationPlatforms) = preSolution
		Debug|Any CPU = Debug|Any CPU
		Release|Any CPU = Release|Any CPU
	EndGlobalSection
	GlobalSection(ProjectConfigurationPlatforms) = postSolution
		{B461F79F-79CC-4FDC-9D9B-19D5581928AB}.Debug|Any CPU.ActiveCfg = Debug|Any CPU
		{B461F79F-79CC-4FDC-9D9B-19D5581928AB}.Debug|Any CPU.Build.0 = Debug|Any CPU
		{B461F79F-79CC-4FDC-9D9B-19D5581928AB}.Release|Any CPU.ActiveCfg = Release|Any CPU
		{B461F79F-79CC-4FDC-9D9B-19D5581928AB}.Release|Any CPU.Build.0 = Release|Any CPU
		{B7FF0358-CA89-4D56-B28C-0E89763474EA}.Debug|Any CPU.ActiveCfg = Debug|Any CPU
		{B7FF0358-CA89-4D56-B28C-0E89763474EA}.Debug|Any CPU.Build.0 = Debug|Any CPU
		{B7FF0358-CA89-4D56-B28C-0E89763474EA}.Release|Any CPU.ActiveCfg = Release|Any CPU
		{B7FF0358-CA89-4D56-B28C-0E89763474EA}.Release|Any CPU.Build.0 = Release|Any CPU
		{E78859F0-62F2-4467-B550-50C0452130F6}.Debug|Any CPU.ActiveCfg = Debug|Any CPU
		{E78859F0-62F2-4467-B550-50C0452130F6}.Debug|Any CPU.Build.0 = Debug|Any CPU
		{E78859F0-62F2-4467-B550-50C0452130F6}.Release|Any CPU.ActiveCfg = Release|Any CPU
		{E78859F0-62F2-4467-B550-50C0452130F6}.Release|Any CPU.Build.0 = Release|Any CPU
		{7C842FDA-8D40-4312-89F4-83BD54628190}.Debug|Any CPU.ActiveCfg = Debug|Any CPU
		{7C842FDA-8D40-4312-89F4-83BD54628190}.Debug|Any CPU.Build.0 = Debug|Any CPU
		{7C842FDA-8D40-4312-89F4-83BD54628190}.Release|Any CPU.ActiveCfg = Release|Any CPU
		{7C842FDA-8D40-4312-89F4-83BD54628190}.Release|Any CPU.Build.0 = Release|Any CPU
		{19295CF5-798A-435D-B9FB-DA86E3960EC1}.Debug|Any CPU.ActiveCfg = Debug|Any CPU
		{19295CF5-798A-435D-B9FB-DA86E3960EC1}.Debug|Any CPU.Build.0 = Debug|Any CPU
		{19295CF5-798A-435D-B9FB-DA86E3960EC1}.Release|Any CPU.ActiveCfg = Release|Any CPU
		{19295CF5-798A-435D-B9FB-DA86E3960EC1}.Release|Any CPU.Build.0 = Release|Any CPU
		{84A29E6B-32B0-4C31-8ED4-4A6D6A16E4A2}.Debug|Any CPU.ActiveCfg = Debug|Any CPU
		{84A29E6B-32B0-4C31-8ED4-4A6D6A16E4A2}.Debug|Any CPU.Build.0 = Debug|Any CPU
		{84A29E6B-32B0-4C31-8ED4-4A6D6A16E4A2}.Release|Any CPU.ActiveCfg = Release|Any CPU
		{84A29E6B-32B0-4C31-8ED4-4A6D6A16E4A2}.Release|Any CPU.Build.0 = Release|Any CPU
		{356C848A-0FE8-4797-8D3B-A65F1D7D7B31}.Debug|Any CPU.ActiveCfg = Debug|Any CPU
		{356C848A-0FE8-4797-8D3B-A65F1D7D7B31}.Debug|Any CPU.Build.0 = Debug|Any CPU
		{356C848A-0FE8-4797-8D3B-A65F1D7D7B31}.Release|Any CPU.ActiveCfg = Release|Any CPU
		{356C848A-0FE8-4797-8D3B-A65F1D7D7B31}.Release|Any CPU.Build.0 = Release|Any CPU
		{3C5DE68B-61A7-47C7-9485-A111F042A00F}.Debug|Any CPU.ActiveCfg = Debug|Any CPU
		{3C5DE68B-61A7-47C7-9485-A111F042A00F}.Debug|Any CPU.Build.0 = Debug|Any CPU
		{3C5DE68B-61A7-47C7-9485-A111F042A00F}.Release|Any CPU.ActiveCfg = Release|Any CPU
		{3C5DE68B-61A7-47C7-9485-A111F042A00F}.Release|Any CPU.Build.0 = Release|Any CPU
		{60342FC7-A4DE-4088-B34A-06D83BAD2682}.Debug|Any CPU.ActiveCfg = Debug|Any CPU
		{60342FC7-A4DE-4088-B34A-06D83BAD2682}.Debug|Any CPU.Build.0 = Debug|Any CPU
		{60342FC7-A4DE-4088-B34A-06D83BAD2682}.Release|Any CPU.ActiveCfg = Release|Any CPU
		{60342FC7-A4DE-4088-B34A-06D83BAD2682}.Release|Any CPU.Build.0 = Release|Any CPU
		{00E0263F-FD69-4662-8FFF-EAD857DFD480}.Debug|Any CPU.ActiveCfg = Debug|Any CPU
		{00E0263F-FD69-4662-8FFF-EAD857DFD480}.Debug|Any CPU.Build.0 = Debug|Any CPU
		{00E0263F-FD69-4662-8FFF-EAD857DFD480}.Release|Any CPU.ActiveCfg = Release|Any CPU
		{00E0263F-FD69-4662-8FFF-EAD857DFD480}.Release|Any CPU.Build.0 = Release|Any CPU
	EndGlobalSection
EndGlobal
