
Microsoft Visual Studio Solution File, Format Version 12.00
# Visual Studio 15
Project("{FAE04EC0-301F-11D3-BF4B-00C04F79EFBC}") = "0_statement", "0_statement\0_statement.csproj", "{B461F79F-79CC-4FDC-9D9B-19D5581928AB}"
EndProject
Global
	GlobalSection(SolutionConfigurationPlatforms) = preSolution
		Debug|Any CPU = Debug|Any CPU
		Release|Any CPU = Release|Any CPU
	EndGlobalSection
	GlobalSection(ProjectConfigurationPlatforms) = postSolution
		{B461F79F-79CC-4FDC-9D9B-19D5581928AB}.Debug|Any CPU.ActiveCfg = Debug|Any CPU
		{B461F79F-79CC-4FDC-9D9B-19D5581928AB}.Debug|Any CPU.Build.0 = Debug|Any CPU
		{B461F79F-79CC-4FDC-9D9B-19D5581928AB}.Release|Any CPU.ActiveCfg = Release|Any CPU
		{B461F79F-79CC-4FDC-9D9B-19D5581928AB}.Release|Any CPU.Build.0 = Release|Any CPU
	EndGlobalSection
EndGlobal
